// !$*UTF8*$!
{
	archiveVersion = 1;
	classes = {
	};
	objectVersion = 50;
	objects = {

/* Begin PBXFileReference section */
		CCE469BD2685CBB100EE25A9 /* 메뉴 리뉴얼.playground */ = {isa = PBXFileReference; lastKnownFileType = file.playground; path = "메뉴 리뉴얼.playground"; sourceTree = "<group>"; xcLanguageSpecificationIdentifier = xcode.lang.swift; };
/* End PBXFileReference section */

/* Begin PBXGroup section */
		CCE469B52685CB8500EE25A9 = {
			isa = PBXGroup;
			children = (
				CCE469BC2685CB8E00EE25A9 /* Programmers */,
			);
			sourceTree = "<group>";
		};
		CCE469BC2685CB8E00EE25A9 /* Programmers */ = {
			isa = PBXGroup;
			children = (
				CCE469BD2685CBB100EE25A9 /* 메뉴 리뉴얼.playground */,
			);
			path = Programmers;
			sourceTree = "<group>";
		};
/* End PBXGroup section */

/* Begin PBXProject section */
		CCE469B62685CB8500EE25A9 /* Project object */ = {
			isa = PBXProject;
			attributes = {
				LastUpgradeCheck = 1250;
			};
			buildConfigurationList = CCE469B92685CB8500EE25A9 /* Build configuration list for PBXProject "Algorithms" */;
			compatibilityVersion = "Xcode 9.3";
			developmentRegion = en;
			hasScannedForEncodings = 0;
			knownRegions = (
				en,
				Base,
			);
			mainGroup = CCE469B52685CB8500EE25A9;
			projectDirPath = "";
			projectRoot = "";
			targets = (
			);
		};
/* End PBXProject section */

/* Begin XCBuildConfiguration section */
		CCE469BA2685CB8500EE25A9 /* Debug */ = {
			isa = XCBuildConfiguration;
			buildSettings = {
			};
			name = Debug;
		};
		CCE469BB2685CB8500EE25A9 /* Release */ = {
			isa = XCBuildConfiguration;
			buildSettings = {
			};
			name = Release;
		};
/* End XCBuildConfiguration section */

/* Begin XCConfigurationList section */
		CCE469B92685CB8500EE25A9 /* Build configuration list for PBXProject "Algorithms" */ = {
			isa = XCConfigurationList;
			buildConfigurations = (
				CCE469BA2685CB8500EE25A9 /* Debug */,
				CCE469BB2685CB8500EE25A9 /* Release */,
			);
			defaultConfigurationIsVisible = 0;
			defaultConfigurationName = Release;
		};
/* End XCConfigurationList section */
	};
	rootObject = CCE469B62685CB8500EE25A9 /* Project object */;
}
